
Microsoft Visual Studio Solution File, Format Version 12.00
# Visual Studio Version 17
VisualStudioVersion = 17.0.31903.59
MinimumVisualStudioVersion = 10.0.40219.1
Project("{FAE04EC0-301F-11D3-BF4B-00C04F79EFBC}") = "API", "API\API.csproj", "{DE594FAA-FF0B-4F0B-96D8-A5F9F50B1AF2}"
EndProject
Project("{FAE04EC0-301F-11D3-BF4B-00C04F79EFBC}") = "Application", "Application\Application.csproj", "{FD7D0AF2-0FF1-4DFE-93BE-4538C399FFB5}"
EndProject
Project("{FAE04EC0-301F-11D3-BF4B-00C04F79EFBC}") = "Domain", "Domain\Domain.csproj", "{5A084692-469C-47D9-9ACE-60C32AE1AA05}"
EndProject
Project("{FAE04EC0-301F-11D3-BF4B-00C04F79EFBC}") = "Persistence", "Persistence\Persistence.csproj", "{95F937ED-9C9C-45CC-BC87-F08FACA7A386}"
EndProject
Global
	GlobalSection(SolutionConfigurationPlatforms) = preSolution
		Debug|Any CPU = Debug|Any CPU
		Release|Any CPU = Release|Any CPU
	EndGlobalSection
	GlobalSection(SolutionProperties) = preSolution
		HideSolutionNode = FALSE
	EndGlobalSection
	GlobalSection(ProjectConfigurationPlatforms) = postSolution
		{DE594FAA-FF0B-4F0B-96D8-A5F9F50B1AF2}.Debug|Any CPU.ActiveCfg = Debug|Any CPU
		{DE594FAA-FF0B-4F0B-96D8-A5F9F50B1AF2}.Debug|Any CPU.Build.0 = Debug|Any CPU
		{DE594FAA-FF0B-4F0B-96D8-A5F9F50B1AF2}.Release|Any CPU.ActiveCfg = Release|Any CPU
		{DE594FAA-FF0B-4F0B-96D8-A5F9F50B1AF2}.Release|Any CPU.Build.0 = Release|Any CPU
		{FD7D0AF2-0FF1-4DFE-93BE-4538C399FFB5}.Debug|Any CPU.ActiveCfg = Debug|Any CPU
		{FD7D0AF2-0FF1-4DFE-93BE-4538C399FFB5}.Debug|Any CPU.Build.0 = Debug|Any CPU
		{FD7D0AF2-0FF1-4DFE-93BE-4538C399FFB5}.Release|Any CPU.ActiveCfg = Release|Any CPU
		{FD7D0AF2-0FF1-4DFE-93BE-4538C399FFB5}.Release|Any CPU.Build.0 = Release|Any CPU
		{5A084692-469C-47D9-9ACE-60C32AE1AA05}.Debug|Any CPU.ActiveCfg = Debug|Any CPU
		{5A084692-469C-47D9-9ACE-60C32AE1AA05}.Debug|Any CPU.Build.0 = Debug|Any CPU
		{5A084692-469C-47D9-9ACE-60C32AE1AA05}.Release|Any CPU.ActiveCfg = Release|Any CPU
		{5A084692-469C-47D9-9ACE-60C32AE1AA05}.Release|Any CPU.Build.0 = Release|Any CPU
		{95F937ED-9C9C-45CC-BC87-F08FACA7A386}.Debug|Any CPU.ActiveCfg = Debug|Any CPU
		{95F937ED-9C9C-45CC-BC87-F08FACA7A386}.Debug|Any CPU.Build.0 = Debug|Any CPU
		{95F937ED-9C9C-45CC-BC87-F08FACA7A386}.Release|Any CPU.ActiveCfg = Release|Any CPU
		{95F937ED-9C9C-45CC-BC87-F08FACA7A386}.Release|Any CPU.Build.0 = Release|Any CPU
	EndGlobalSection
EndGlobal
